// !$*UTF8*$!
{
	archiveVersion = 1;
	classes = {
	};
	objectVersion = 46;
	objects = {

/* Begin PBXBuildFile section */
		5304A6121E38E88E008DEA60 /* AvantGarConBol in Resources */ = {isa = PBXBuildFile; fileRef = 5304A5FF1E38E88E008DEA60 /* AvantGarConBol */; };
		5304A6131E38E88E008DEA60 /* AvantGarConBoo in Resources */ = {isa = PBXBuildFile; fileRef = 5304A6001E38E88E008DEA60 /* AvantGarConBoo */; };
		5304A6141E38E88E008DEA60 /* AvantGarConDem in Resources */ = {isa = PBXBuildFile; fileRef = 5304A6011E38E88E008DEA60 /* AvantGarConDem */; };
		5304A6151E38E88E008DEA60 /* AvantGarConMed in Resources */ = {isa = PBXBuildFile; fileRef = 5304A6021E38E88E008DEA60 /* AvantGarConMed */; };
		5304A6171E38E88E008DEA60 /* AvantGarBoo in Resources */ = {isa = PBXBuildFile; fileRef = 5304A6051E38E88E008DEA60 /* AvantGarBoo */; };
		5304A6181E38E88E008DEA60 /* AvantGarBooObl in Resources */ = {isa = PBXBuildFile; fileRef = 5304A6061E38E88E008DEA60 /* AvantGarBooObl */; };
		5304A6191E38E88E008DEA60 /* AvantGarDem in Resources */ = {isa = PBXBuildFile; fileRef = 5304A6071E38E88E008DEA60 /* AvantGarDem */; };
		5304A61A1E38E88E008DEA60 /* AvantGarDemObl in Resources */ = {isa = PBXBuildFile; fileRef = 5304A6081E38E88E008DEA60 /* AvantGarDemObl */; };
		5304A61C1E38E88E008DEA60 /* AvantGarBol in Resources */ = {isa = PBXBuildFile; fileRef = 5304A60B1E38E88E008DEA60 /* AvantGarBol */; };
		5304A61D1E38E88E008DEA60 /* AvantGarBolObl in Resources */ = {isa = PBXBuildFile; fileRef = 5304A60C1E38E88E008DEA60 /* AvantGarBolObl */; };
		5304A61E1E38E88E008DEA60 /* AvantGarExtLig in Resources */ = {isa = PBXBuildFile; fileRef = 5304A60D1E38E88E008DEA60 /* AvantGarExtLig */; };
		5304A61F1E38E88E008DEA60 /* AvantGarExtLigObl in Resources */ = {isa = PBXBuildFile; fileRef = 5304A60E1E38E88E008DEA60 /* AvantGarExtLigObl */; };
		5304A6201E38E88E008DEA60 /* AvantGarMed in Resources */ = {isa = PBXBuildFile; fileRef = 5304A60F1E38E88E008DEA60 /* AvantGarMed */; };
		5304A6211E38E88E008DEA60 /* AvantGarMedObl in Resources */ = {isa = PBXBuildFile; fileRef = 5304A6101E38E88E008DEA60 /* AvantGarMedObl */; };
		531B8DB11E3A181000E87C0E /* TermsPrivacy.html in Resources */ = {isa = PBXBuildFile; fileRef = 531B8DB01E3A181000E87C0E /* TermsPrivacy.html */; };
		531B8DB31E3A1A8A00E87C0E /* TermsViewController.swift in Sources */ = {isa = PBXBuildFile; fileRef = 531B8DB21E3A1A8A00E87C0E /* TermsViewController.swift */; };
		531B8DB61E3A223E00E87C0E /* Constants.swift in Sources */ = {isa = PBXBuildFile; fileRef = 531B8DB51E3A223E00E87C0E /* Constants.swift */; };
		531EDA531E3235D9006BCA4A /* LoginViewController.swift in Sources */ = {isa = PBXBuildFile; fileRef = 531EDA521E3235D9006BCA4A /* LoginViewController.swift */; };
		531EDA551E3235EE006BCA4A /* RegisterViewController.swift in Sources */ = {isa = PBXBuildFile; fileRef = 531EDA541E3235EE006BCA4A /* RegisterViewController.swift */; };
		531EDA591E325723006BCA4A /* SearchViewController.swift in Sources */ = {isa = PBXBuildFile; fileRef = 531EDA581E325723006BCA4A /* SearchViewController.swift */; };
		531EDA5B1E325731006BCA4A /* CameraViewController.swift in Sources */ = {isa = PBXBuildFile; fileRef = 531EDA5A1E325731006BCA4A /* CameraViewController.swift */; };
		531EDA5D1E32573F006BCA4A /* ActivityViewController.swift in Sources */ = {isa = PBXBuildFile; fileRef = 531EDA5C1E32573F006BCA4A /* ActivityViewController.swift */; };
		531EDA5F1E32574E006BCA4A /* ProfileViewController.swift in Sources */ = {isa = PBXBuildFile; fileRef = 531EDA5E1E32574E006BCA4A /* ProfileViewController.swift */; };
		531EDA661E32BFB8006BCA4A /* FeedViewController.swift in Sources */ = {isa = PBXBuildFile; fileRef = 531EDA651E32BFB8006BCA4A /* FeedViewController.swift */; };
		53303F7C1E466392005C96CB /* ESRefreshFooterAnimator.swift in Sources */ = {isa = PBXBuildFile; fileRef = 53303F741E466392005C96CB /* ESRefreshFooterAnimator.swift */; };
		53303F7D1E466392005C96CB /* ESRefreshHeaderAnimator.swift in Sources */ = {isa = PBXBuildFile; fileRef = 53303F751E466392005C96CB /* ESRefreshHeaderAnimator.swift */; };
		53303F7E1E466392005C96CB /* icon_pull_to_refresh_arrow@2x.png in Resources */ = {isa = PBXBuildFile; fileRef = 53303F761E466392005C96CB /* icon_pull_to_refresh_arrow@2x.png */; };
		53303F7F1E466392005C96CB /* ESPullToRefresh+Manager.swift in Sources */ = {isa = PBXBuildFile; fileRef = 53303F771E466392005C96CB /* ESPullToRefresh+Manager.swift */; };
		53303F801E466392005C96CB /* ESPullToRefresh.swift in Sources */ = {isa = PBXBuildFile; fileRef = 53303F781E466392005C96CB /* ESPullToRefresh.swift */; };
		53303F811E466392005C96CB /* ESRefreshAnimator.swift in Sources */ = {isa = PBXBuildFile; fileRef = 53303F791E466392005C96CB /* ESRefreshAnimator.swift */; };
		53303F821E466392005C96CB /* ESRefreshComponent.swift in Sources */ = {isa = PBXBuildFile; fileRef = 53303F7A1E466392005C96CB /* ESRefreshComponent.swift */; };
		53303F831E466392005C96CB /* ESRefreshProtocol.swift in Sources */ = {isa = PBXBuildFile; fileRef = 53303F7B1E466392005C96CB /* ESRefreshProtocol.swift */; };
		53329CA31E3E9B0400790F13 /* AFError.swift in Sources */ = {isa = PBXBuildFile; fileRef = 53329C8F1E3E9B0400790F13 /* AFError.swift */; };
		53329CA41E3E9B0400790F13 /* Alamofire.swift in Sources */ = {isa = PBXBuildFile; fileRef = 53329C911E3E9B0400790F13 /* Alamofire.swift */; };
		53329CA51E3E9B0400790F13 /* DispatchQueue+Alamofire.swift in Sources */ = {isa = PBXBuildFile; fileRef = 53329C921E3E9B0400790F13 /* DispatchQueue+Alamofire.swift */; };
		53329CA81E3E9B0400790F13 /* MultipartFormData.swift in Sources */ = {isa = PBXBuildFile; fileRef = 53329C951E3E9B0400790F13 /* MultipartFormData.swift */; };
		53329CA91E3E9B0400790F13 /* NetworkReachabilityManager.swift in Sources */ = {isa = PBXBuildFile; fileRef = 53329C961E3E9B0400790F13 /* NetworkReachabilityManager.swift */; };
		53329CAA1E3E9B0400790F13 /* Notifications.swift in Sources */ = {isa = PBXBuildFile; fileRef = 53329C971E3E9B0400790F13 /* Notifications.swift */; };
		53329CAB1E3E9B0400790F13 /* ParameterEncoding.swift in Sources */ = {isa = PBXBuildFile; fileRef = 53329C981E3E9B0400790F13 /* ParameterEncoding.swift */; };
		53329CAC1E3E9B0400790F13 /* Request.swift in Sources */ = {isa = PBXBuildFile; fileRef = 53329C991E3E9B0400790F13 /* Request.swift */; };
		53329CAD1E3E9B0400790F13 /* Response.swift in Sources */ = {isa = PBXBuildFile; fileRef = 53329C9A1E3E9B0400790F13 /* Response.swift */; };
		53329CAE1E3E9B0400790F13 /* ResponseSerialization.swift in Sources */ = {isa = PBXBuildFile; fileRef = 53329C9B1E3E9B0400790F13 /* ResponseSerialization.swift */; };
		53329CAF1E3E9B0400790F13 /* Result.swift in Sources */ = {isa = PBXBuildFile; fileRef = 53329C9C1E3E9B0400790F13 /* Result.swift */; };
		53329CB01E3E9B0400790F13 /* ServerTrustPolicy.swift in Sources */ = {isa = PBXBuildFile; fileRef = 53329C9D1E3E9B0400790F13 /* ServerTrustPolicy.swift */; };
		53329CB11E3E9B0400790F13 /* SessionDelegate.swift in Sources */ = {isa = PBXBuildFile; fileRef = 53329C9E1E3E9B0400790F13 /* SessionDelegate.swift */; };
		53329CB21E3E9B0400790F13 /* SessionManager.swift in Sources */ = {isa = PBXBuildFile; fileRef = 53329C9F1E3E9B0400790F13 /* SessionManager.swift */; };
		53329CB31E3E9B0400790F13 /* TaskDelegate.swift in Sources */ = {isa = PBXBuildFile; fileRef = 53329CA01E3E9B0400790F13 /* TaskDelegate.swift */; };
		53329CB41E3E9B0400790F13 /* Timeline.swift in Sources */ = {isa = PBXBuildFile; fileRef = 53329CA11E3E9B0400790F13 /* Timeline.swift */; };
		53329CB51E3E9B0400790F13 /* Validation.swift in Sources */ = {isa = PBXBuildFile; fileRef = 53329CA21E3E9B0400790F13 /* Validation.swift */; };
		539BEE411E35D830004ED2B3 /* DGFeedCell.swift in Sources */ = {isa = PBXBuildFile; fileRef = 539BEE371E35D830004ED2B3 /* DGFeedCell.swift */; };
		539BEE421E35D830004ED2B3 /* DGFeedItem.swift in Sources */ = {isa = PBXBuildFile; fileRef = 539BEE381E35D830004ED2B3 /* DGFeedItem.swift */; };
		539BEE4F1E35D8EE004ED2B3 /* DGIndexPathHeightCache.swift in Sources */ = {isa = PBXBuildFile; fileRef = 539BEE4A1E35D8EE004ED2B3 /* DGIndexPathHeightCache.swift */; };
		539BEE501E35D8EE004ED2B3 /* DGKeyedHeightCache.swift in Sources */ = {isa = PBXBuildFile; fileRef = 539BEE4B1E35D8EE004ED2B3 /* DGKeyedHeightCache.swift */; };
		539BEE511E35D8EE004ED2B3 /* DGTableViewExtension.swift in Sources */ = {isa = PBXBuildFile; fileRef = 539BEE4C1E35D8EE004ED2B3 /* DGTableViewExtension.swift */; };
		539BEE521E35D8EE004ED2B3 /* DGTemplateLayoutCell.swift in Sources */ = {isa = PBXBuildFile; fileRef = 539BEE4D1E35D8EE004ED2B3 /* DGTemplateLayoutCell.swift */; };
		539BEE531E35D8EE004ED2B3 /* DGTemplateLayoutellDebug.swift in Sources */ = {isa = PBXBuildFile; fileRef = 539BEE4E1E35D8EE004ED2B3 /* DGTemplateLayoutellDebug.swift */; };
		53B5A2561E3FA80C008AA377 /* Profile.swift in Sources */ = {isa = PBXBuildFile; fileRef = 53B5A2551E3FA80C008AA377 /* Profile.swift */; };
		53D655861E45A47900CA1DC8 /* AFIError.swift in Sources */ = {isa = PBXBuildFile; fileRef = 53D6557D1E45A47900CA1DC8 /* AFIError.swift */; };
		53D655871E45A47900CA1DC8 /* Image.swift in Sources */ = {isa = PBXBuildFile; fileRef = 53D6557E1E45A47900CA1DC8 /* Image.swift */; };
		53D655881E45A47900CA1DC8 /* ImageCache.swift in Sources */ = {isa = PBXBuildFile; fileRef = 53D6557F1E45A47900CA1DC8 /* ImageCache.swift */; };
		53D655891E45A47900CA1DC8 /* ImageDownloader.swift in Sources */ = {isa = PBXBuildFile; fileRef = 53D655801E45A47900CA1DC8 /* ImageDownloader.swift */; };
		53D6558A1E45A47900CA1DC8 /* ImageFilter.swift in Sources */ = {isa = PBXBuildFile; fileRef = 53D655811E45A47900CA1DC8 /* ImageFilter.swift */; };
		53D6558B1E45A47900CA1DC8 /* Request+AlamofireImage.swift in Sources */ = {isa = PBXBuildFile; fileRef = 53D655821E45A47900CA1DC8 /* Request+AlamofireImage.swift */; };
		53D6558C1E45A47900CA1DC8 /* UIButton+AlamofireImage.swift in Sources */ = {isa = PBXBuildFile; fileRef = 53D655831E45A47900CA1DC8 /* UIButton+AlamofireImage.swift */; };
		53D6558D1E45A47900CA1DC8 /* UIImage+AlamofireImage.swift in Sources */ = {isa = PBXBuildFile; fileRef = 53D655841E45A47900CA1DC8 /* UIImage+AlamofireImage.swift */; };
		53D6558E1E45A47900CA1DC8 /* UIImageView+AlamofireImage.swift in Sources */ = {isa = PBXBuildFile; fileRef = 53D655851E45A47900CA1DC8 /* UIImageView+AlamofireImage.swift */; };
		53E074841E301C5D00D09A9F /* AppDelegate.swift in Sources */ = {isa = PBXBuildFile; fileRef = 53E074831E301C5D00D09A9F /* AppDelegate.swift */; };
		53E074861E301C5D00D09A9F /* ViewController.swift in Sources */ = {isa = PBXBuildFile; fileRef = 53E074851E301C5D00D09A9F /* ViewController.swift */; };
		53E074891E301C5D00D09A9F /* Main.storyboard in Resources */ = {isa = PBXBuildFile; fileRef = 53E074871E301C5D00D09A9F /* Main.storyboard */; };
		53E0748C1E301C5D00D09A9F /* ReciFoto.xcdatamodeld in Sources */ = {isa = PBXBuildFile; fileRef = 53E0748A1E301C5D00D09A9F /* ReciFoto.xcdatamodeld */; };
		53E0748E1E301C5D00D09A9F /* Assets.xcassets in Resources */ = {isa = PBXBuildFile; fileRef = 53E0748D1E301C5D00D09A9F /* Assets.xcassets */; };
		53E074911E301C5D00D09A9F /* LaunchScreen.storyboard in Resources */ = {isa = PBXBuildFile; fileRef = 53E0748F1E301C5D00D09A9F /* LaunchScreen.storyboard */; };
		53E0749C1E301C5D00D09A9F /* ReciFotoTests.swift in Sources */ = {isa = PBXBuildFile; fileRef = 53E0749B1E301C5D00D09A9F /* ReciFotoTests.swift */; };
		53E074A71E301C5D00D09A9F /* ReciFotoUITests.swift in Sources */ = {isa = PBXBuildFile; fileRef = 53E074A61E301C5D00D09A9F /* ReciFotoUITests.swift */; };
		53F0232A1E49AF6900180F37 /* RSKCollectionViewRetractableFirstItemLayout.swift in Sources */ = {isa = PBXBuildFile; fileRef = 53F023271E49AF6800180F37 /* RSKCollectionViewRetractableFirstItemLayout.swift */; };
		53F0232B1E49AF6900180F37 /* SearchCollectionViewCell.swift in Sources */ = {isa = PBXBuildFile; fileRef = 53F023281E49AF6800180F37 /* SearchCollectionViewCell.swift */; };
		53F0232C1E49AF6900180F37 /* TextCollectionViewCell.swift in Sources */ = {isa = PBXBuildFile; fileRef = 53F023291E49AF6800180F37 /* TextCollectionViewCell.swift */; };
		53F0232E1E4A5ADE00180F37 /* DGProfileItem.swift in Sources */ = {isa = PBXBuildFile; fileRef = 53F0232D1E4A5ADE00180F37 /* DGProfileItem.swift */; };
		53F023301E4A5BD200180F37 /* DGProfileCell.swift in Sources */ = {isa = PBXBuildFile; fileRef = 53F0232F1E4A5BD200180F37 /* DGProfileCell.swift */; };
/* End PBXBuildFile section */

/* Begin PBXContainerItemProxy section */
		53E074981E301C5D00D09A9F /* PBXContainerItemProxy */ = {
			isa = PBXContainerItemProxy;
			containerPortal = 53E074781E301C5C00D09A9F /* Project object */;
			proxyType = 1;
			remoteGlobalIDString = 53E0747F1E301C5C00D09A9F;
			remoteInfo = ReciFoto;
		};
		53E074A31E301C5D00D09A9F /* PBXContainerItemProxy */ = {
			isa = PBXContainerItemProxy;
			containerPortal = 53E074781E301C5C00D09A9F /* Project object */;
			proxyType = 1;
			remoteGlobalIDString = 53E0747F1E301C5C00D09A9F;
			remoteInfo = ReciFoto;
		};
/* End PBXContainerItemProxy section */

/* Begin PBXFileReference section */
		5304A5FF1E38E88E008DEA60 /* AvantGarConBol */ = {isa = PBXFileReference; fileEncoding = 4; lastKnownFileType = text; path = AvantGarConBol; sourceTree = "<group>"; };
		5304A6001E38E88E008DEA60 /* AvantGarConBoo */ = {isa = PBXFileReference; fileEncoding = 4; lastKnownFileType = text; path = AvantGarConBoo; sourceTree = "<group>"; };
		5304A6011E38E88E008DEA60 /* AvantGarConDem */ = {isa = PBXFileReference; fileEncoding = 4; lastKnownFileType = text; path = AvantGarConDem; sourceTree = "<group>"; };
		5304A6021E38E88E008DEA60 /* AvantGarConMed */ = {isa = PBXFileReference; fileEncoding = 4; lastKnownFileType = text; path = AvantGarConMed; sourceTree = "<group>"; };
		5304A6051E38E88E008DEA60 /* AvantGarBoo */ = {isa = PBXFileReference; fileEncoding = 4; lastKnownFileType = text; path = AvantGarBoo; sourceTree = "<group>"; };
		5304A6061E38E88E008DEA60 /* AvantGarBooObl */ = {isa = PBXFileReference; fileEncoding = 4; lastKnownFileType = text; path = AvantGarBooObl; sourceTree = "<group>"; };
		5304A6071E38E88E008DEA60 /* AvantGarDem */ = {isa = PBXFileReference; fileEncoding = 4; lastKnownFileType = text; path = AvantGarDem; sourceTree = "<group>"; };
		5304A6081E38E88E008DEA60 /* AvantGarDemObl */ = {isa = PBXFileReference; fileEncoding = 4; lastKnownFileType = text; path = AvantGarDemObl; sourceTree = "<group>"; };
		5304A60B1E38E88E008DEA60 /* AvantGarBol */ = {isa = PBXFileReference; fileEncoding = 4; lastKnownFileType = text; path = AvantGarBol; sourceTree = "<group>"; };
		5304A60C1E38E88E008DEA60 /* AvantGarBolObl */ = {isa = PBXFileReference; fileEncoding = 4; lastKnownFileType = text; path = AvantGarBolObl; sourceTree = "<group>"; };
		5304A60D1E38E88E008DEA60 /* AvantGarExtLig */ = {isa = PBXFileReference; fileEncoding = 4; lastKnownFileType = text; path = AvantGarExtLig; sourceTree = "<group>"; };
		5304A60E1E38E88E008DEA60 /* AvantGarExtLigObl */ = {isa = PBXFileReference; fileEncoding = 4; lastKnownFileType = text; path = AvantGarExtLigObl; sourceTree = "<group>"; };
		5304A60F1E38E88E008DEA60 /* AvantGarMed */ = {isa = PBXFileReference; fileEncoding = 4; lastKnownFileType = text; path = AvantGarMed; sourceTree = "<group>"; };
		5304A6101E38E88E008DEA60 /* AvantGarMedObl */ = {isa = PBXFileReference; fileEncoding = 4; lastKnownFileType = text; path = AvantGarMedObl; sourceTree = "<group>"; };
		531B8DB01E3A181000E87C0E /* TermsPrivacy.html */ = {isa = PBXFileReference; fileEncoding = 4; lastKnownFileType = text.html; path = TermsPrivacy.html; sourceTree = "<group>"; };
		531B8DB21E3A1A8A00E87C0E /* TermsViewController.swift */ = {isa = PBXFileReference; fileEncoding = 4; lastKnownFileType = sourcecode.swift; path = TermsViewController.swift; sourceTree = "<group>"; };
		531B8DB51E3A223E00E87C0E /* Constants.swift */ = {isa = PBXFileReference; fileEncoding = 4; lastKnownFileType = sourcecode.swift; path = Constants.swift; sourceTree = "<group>"; };
		531EDA521E3235D9006BCA4A /* LoginViewController.swift */ = {isa = PBXFileReference; fileEncoding = 4; lastKnownFileType = sourcecode.swift; path = LoginViewController.swift; sourceTree = "<group>"; };
		531EDA541E3235EE006BCA4A /* RegisterViewController.swift */ = {isa = PBXFileReference; fileEncoding = 4; lastKnownFileType = sourcecode.swift; path = RegisterViewController.swift; sourceTree = "<group>"; };
		531EDA581E325723006BCA4A /* SearchViewController.swift */ = {isa = PBXFileReference; fileEncoding = 4; lastKnownFileType = sourcecode.swift; path = SearchViewController.swift; sourceTree = "<group>"; };
		531EDA5A1E325731006BCA4A /* CameraViewController.swift */ = {isa = PBXFileReference; fileEncoding = 4; lastKnownFileType = sourcecode.swift; path = CameraViewController.swift; sourceTree = "<group>"; };
		531EDA5C1E32573F006BCA4A /* ActivityViewController.swift */ = {isa = PBXFileReference; fileEncoding = 4; lastKnownFileType = sourcecode.swift; path = ActivityViewController.swift; sourceTree = "<group>"; };
		531EDA5E1E32574E006BCA4A /* ProfileViewController.swift */ = {isa = PBXFileReference; fileEncoding = 4; lastKnownFileType = sourcecode.swift; path = ProfileViewController.swift; sourceTree = "<group>"; };
		531EDA651E32BFB8006BCA4A /* FeedViewController.swift */ = {isa = PBXFileReference; fileEncoding = 4; lastKnownFileType = sourcecode.swift; path = FeedViewController.swift; sourceTree = "<group>"; };
		53303F741E466392005C96CB /* ESRefreshFooterAnimator.swift */ = {isa = PBXFileReference; fileEncoding = 4; lastKnownFileType = sourcecode.swift; path = ESRefreshFooterAnimator.swift; sourceTree = "<group>"; };
		53303F751E466392005C96CB /* ESRefreshHeaderAnimator.swift */ = {isa = PBXFileReference; fileEncoding = 4; lastKnownFileType = sourcecode.swift; path = ESRefreshHeaderAnimator.swift; sourceTree = "<group>"; };
		53303F761E466392005C96CB /* icon_pull_to_refresh_arrow@2x.png */ = {isa = PBXFileReference; lastKnownFileType = image.png; path = "icon_pull_to_refresh_arrow@2x.png"; sourceTree = "<group>"; };
		53303F771E466392005C96CB /* ESPullToRefresh+Manager.swift */ = {isa = PBXFileReference; fileEncoding = 4; lastKnownFileType = sourcecode.swift; path = "ESPullToRefresh+Manager.swift"; sourceTree = "<group>"; };
		53303F781E466392005C96CB /* ESPullToRefresh.swift */ = {isa = PBXFileReference; fileEncoding = 4; lastKnownFileType = sourcecode.swift; path = ESPullToRefresh.swift; sourceTree = "<group>"; };
		53303F791E466392005C96CB /* ESRefreshAnimator.swift */ = {isa = PBXFileReference; fileEncoding = 4; lastKnownFileType = sourcecode.swift; path = ESRefreshAnimator.swift; sourceTree = "<group>"; };
		53303F7A1E466392005C96CB /* ESRefreshComponent.swift */ = {isa = PBXFileReference; fileEncoding = 4; lastKnownFileType = sourcecode.swift; path = ESRefreshComponent.swift; sourceTree = "<group>"; };
		53303F7B1E466392005C96CB /* ESRefreshProtocol.swift */ = {isa = PBXFileReference; fileEncoding = 4; lastKnownFileType = sourcecode.swift; path = ESRefreshProtocol.swift; sourceTree = "<group>"; };
		53329C8F1E3E9B0400790F13 /* AFError.swift */ = {isa = PBXFileReference; fileEncoding = 4; lastKnownFileType = sourcecode.swift; path = AFError.swift; sourceTree = "<group>"; };
		53329C911E3E9B0400790F13 /* Alamofire.swift */ = {isa = PBXFileReference; fileEncoding = 4; lastKnownFileType = sourcecode.swift; path = Alamofire.swift; sourceTree = "<group>"; };
		53329C921E3E9B0400790F13 /* DispatchQueue+Alamofire.swift */ = {isa = PBXFileReference; fileEncoding = 4; lastKnownFileType = sourcecode.swift; path = "DispatchQueue+Alamofire.swift"; sourceTree = "<group>"; };
		53329C951E3E9B0400790F13 /* MultipartFormData.swift */ = {isa = PBXFileReference; fileEncoding = 4; lastKnownFileType = sourcecode.swift; path = MultipartFormData.swift; sourceTree = "<group>"; };
		53329C961E3E9B0400790F13 /* NetworkReachabilityManager.swift */ = {isa = PBXFileReference; fileEncoding = 4; lastKnownFileType = sourcecode.swift; path = NetworkReachabilityManager.swift; sourceTree = "<group>"; };
		53329C971E3E9B0400790F13 /* Notifications.swift */ = {isa = PBXFileReference; fileEncoding = 4; lastKnownFileType = sourcecode.swift; path = Notifications.swift; sourceTree = "<group>"; };
		53329C981E3E9B0400790F13 /* ParameterEncoding.swift */ = {isa = PBXFileReference; fileEncoding = 4; lastKnownFileType = sourcecode.swift; path = ParameterEncoding.swift; sourceTree = "<group>"; };
		53329C991E3E9B0400790F13 /* Request.swift */ = {isa = PBXFileReference; fileEncoding = 4; lastKnownFileType = sourcecode.swift; path = Request.swift; sourceTree = "<group>"; };
		53329C9A1E3E9B0400790F13 /* Response.swift */ = {isa = PBXFileReference; fileEncoding = 4; lastKnownFileType = sourcecode.swift; path = Response.swift; sourceTree = "<group>"; };
		53329C9B1E3E9B0400790F13 /* ResponseSerialization.swift */ = {isa = PBXFileReference; fileEncoding = 4; lastKnownFileType = sourcecode.swift; path = ResponseSerialization.swift; sourceTree = "<group>"; };
		53329C9C1E3E9B0400790F13 /* Result.swift */ = {isa = PBXFileReference; fileEncoding = 4; lastKnownFileType = sourcecode.swift; path = Result.swift; sourceTree = "<group>"; };
		53329C9D1E3E9B0400790F13 /* ServerTrustPolicy.swift */ = {isa = PBXFileReference; fileEncoding = 4; lastKnownFileType = sourcecode.swift; path = ServerTrustPolicy.swift; sourceTree = "<group>"; };
		53329C9E1E3E9B0400790F13 /* SessionDelegate.swift */ = {isa = PBXFileReference; fileEncoding = 4; lastKnownFileType = sourcecode.swift; path = SessionDelegate.swift; sourceTree = "<group>"; };
		53329C9F1E3E9B0400790F13 /* SessionManager.swift */ = {isa = PBXFileReference; fileEncoding = 4; lastKnownFileType = sourcecode.swift; path = SessionManager.swift; sourceTree = "<group>"; };
		53329CA01E3E9B0400790F13 /* TaskDelegate.swift */ = {isa = PBXFileReference; fileEncoding = 4; lastKnownFileType = sourcecode.swift; path = TaskDelegate.swift; sourceTree = "<group>"; };
		53329CA11E3E9B0400790F13 /* Timeline.swift */ = {isa = PBXFileReference; fileEncoding = 4; lastKnownFileType = sourcecode.swift; path = Timeline.swift; sourceTree = "<group>"; };
		53329CA21E3E9B0400790F13 /* Validation.swift */ = {isa = PBXFileReference; fileEncoding = 4; lastKnownFileType = sourcecode.swift; path = Validation.swift; sourceTree = "<group>"; };
		539BEE371E35D830004ED2B3 /* DGFeedCell.swift */ = {isa = PBXFileReference; fileEncoding = 4; lastKnownFileType = sourcecode.swift; path = DGFeedCell.swift; sourceTree = "<group>"; };
		539BEE381E35D830004ED2B3 /* DGFeedItem.swift */ = {isa = PBXFileReference; fileEncoding = 4; lastKnownFileType = sourcecode.swift; path = DGFeedItem.swift; sourceTree = "<group>"; };
		539BEE4A1E35D8EE004ED2B3 /* DGIndexPathHeightCache.swift */ = {isa = PBXFileReference; fileEncoding = 4; lastKnownFileType = sourcecode.swift; path = DGIndexPathHeightCache.swift; sourceTree = "<group>"; };
		539BEE4B1E35D8EE004ED2B3 /* DGKeyedHeightCache.swift */ = {isa = PBXFileReference; fileEncoding = 4; lastKnownFileType = sourcecode.swift; path = DGKeyedHeightCache.swift; sourceTree = "<group>"; };
		539BEE4C1E35D8EE004ED2B3 /* DGTableViewExtension.swift */ = {isa = PBXFileReference; fileEncoding = 4; lastKnownFileType = sourcecode.swift; path = DGTableViewExtension.swift; sourceTree = "<group>"; };
		539BEE4D1E35D8EE004ED2B3 /* DGTemplateLayoutCell.swift */ = {isa = PBXFileReference; fileEncoding = 4; lastKnownFileType = sourcecode.swift; path = DGTemplateLayoutCell.swift; sourceTree = "<group>"; };
		539BEE4E1E35D8EE004ED2B3 /* DGTemplateLayoutellDebug.swift */ = {isa = PBXFileReference; fileEncoding = 4; lastKnownFileType = sourcecode.swift; path = DGTemplateLayoutellDebug.swift; sourceTree = "<group>"; };
		53B5A2551E3FA80C008AA377 /* Profile.swift */ = {isa = PBXFileReference; fileEncoding = 4; lastKnownFileType = sourcecode.swift; path = Profile.swift; sourceTree = "<group>"; };
		53D6557D1E45A47900CA1DC8 /* AFIError.swift */ = {isa = PBXFileReference; fileEncoding = 4; lastKnownFileType = sourcecode.swift; path = AFIError.swift; sourceTree = "<group>"; };
		53D6557E1E45A47900CA1DC8 /* Image.swift */ = {isa = PBXFileReference; fileEncoding = 4; lastKnownFileType = sourcecode.swift; path = Image.swift; sourceTree = "<group>"; };
		53D6557F1E45A47900CA1DC8 /* ImageCache.swift */ = {isa = PBXFileReference; fileEncoding = 4; lastKnownFileType = sourcecode.swift; path = ImageCache.swift; sourceTree = "<group>"; };
		53D655801E45A47900CA1DC8 /* ImageDownloader.swift */ = {isa = PBXFileReference; fileEncoding = 4; lastKnownFileType = sourcecode.swift; path = ImageDownloader.swift; sourceTree = "<group>"; };
		53D655811E45A47900CA1DC8 /* ImageFilter.swift */ = {isa = PBXFileReference; fileEncoding = 4; lastKnownFileType = sourcecode.swift; path = ImageFilter.swift; sourceTree = "<group>"; };
		53D655821E45A47900CA1DC8 /* Request+AlamofireImage.swift */ = {isa = PBXFileReference; fileEncoding = 4; lastKnownFileType = sourcecode.swift; path = "Request+AlamofireImage.swift"; sourceTree = "<group>"; };
		53D655831E45A47900CA1DC8 /* UIButton+AlamofireImage.swift */ = {isa = PBXFileReference; fileEncoding = 4; lastKnownFileType = sourcecode.swift; path = "UIButton+AlamofireImage.swift"; sourceTree = "<group>"; };
		53D655841E45A47900CA1DC8 /* UIImage+AlamofireImage.swift */ = {isa = PBXFileReference; fileEncoding = 4; lastKnownFileType = sourcecode.swift; path = "UIImage+AlamofireImage.swift"; sourceTree = "<group>"; };
		53D655851E45A47900CA1DC8 /* UIImageView+AlamofireImage.swift */ = {isa = PBXFileReference; fileEncoding = 4; lastKnownFileType = sourcecode.swift; path = "UIImageView+AlamofireImage.swift"; sourceTree = "<group>"; };
		53E074801E301C5D00D09A9F /* ReciFoto.app */ = {isa = PBXFileReference; explicitFileType = wrapper.application; includeInIndex = 0; path = ReciFoto.app; sourceTree = BUILT_PRODUCTS_DIR; };
		53E074831E301C5D00D09A9F /* AppDelegate.swift */ = {isa = PBXFileReference; lastKnownFileType = sourcecode.swift; path = AppDelegate.swift; sourceTree = "<group>"; };
		53E074851E301C5D00D09A9F /* ViewController.swift */ = {isa = PBXFileReference; lastKnownFileType = sourcecode.swift; path = ViewController.swift; sourceTree = "<group>"; };
		53E074881E301C5D00D09A9F /* Base */ = {isa = PBXFileReference; lastKnownFileType = file.storyboard; name = Base; path = Base.lproj/Main.storyboard; sourceTree = "<group>"; };
		53E0748B1E301C5D00D09A9F /* ReciFoto.xcdatamodel */ = {isa = PBXFileReference; lastKnownFileType = wrapper.xcdatamodel; path = ReciFoto.xcdatamodel; sourceTree = "<group>"; };
		53E0748D1E301C5D00D09A9F /* Assets.xcassets */ = {isa = PBXFileReference; lastKnownFileType = folder.assetcatalog; path = Assets.xcassets; sourceTree = "<group>"; };
		53E074901E301C5D00D09A9F /* Base */ = {isa = PBXFileReference; lastKnownFileType = file.storyboard; name = Base; path = Base.lproj/LaunchScreen.storyboard; sourceTree = "<group>"; };
		53E074921E301C5D00D09A9F /* Info.plist */ = {isa = PBXFileReference; lastKnownFileType = text.plist.xml; path = Info.plist; sourceTree = "<group>"; };
		53E074971E301C5D00D09A9F /* ReciFotoTests.xctest */ = {isa = PBXFileReference; explicitFileType = wrapper.cfbundle; includeInIndex = 0; path = ReciFotoTests.xctest; sourceTree = BUILT_PRODUCTS_DIR; };
		53E0749B1E301C5D00D09A9F /* ReciFotoTests.swift */ = {isa = PBXFileReference; lastKnownFileType = sourcecode.swift; path = ReciFotoTests.swift; sourceTree = "<group>"; };
		53E0749D1E301C5D00D09A9F /* Info.plist */ = {isa = PBXFileReference; lastKnownFileType = text.plist.xml; path = Info.plist; sourceTree = "<group>"; };
		53E074A21E301C5D00D09A9F /* ReciFotoUITests.xctest */ = {isa = PBXFileReference; explicitFileType = wrapper.cfbundle; includeInIndex = 0; path = ReciFotoUITests.xctest; sourceTree = BUILT_PRODUCTS_DIR; };
		53E074A61E301C5D00D09A9F /* ReciFotoUITests.swift */ = {isa = PBXFileReference; lastKnownFileType = sourcecode.swift; path = ReciFotoUITests.swift; sourceTree = "<group>"; };
		53E074A81E301C5D00D09A9F /* Info.plist */ = {isa = PBXFileReference; lastKnownFileType = text.plist.xml; path = Info.plist; sourceTree = "<group>"; };
		53F023271E49AF6800180F37 /* RSKCollectionViewRetractableFirstItemLayout.swift */ = {isa = PBXFileReference; fileEncoding = 4; lastKnownFileType = sourcecode.swift; path = RSKCollectionViewRetractableFirstItemLayout.swift; sourceTree = "<group>"; };
		53F023281E49AF6800180F37 /* SearchCollectionViewCell.swift */ = {isa = PBXFileReference; fileEncoding = 4; lastKnownFileType = sourcecode.swift; path = SearchCollectionViewCell.swift; sourceTree = "<group>"; };
		53F023291E49AF6800180F37 /* TextCollectionViewCell.swift */ = {isa = PBXFileReference; fileEncoding = 4; lastKnownFileType = sourcecode.swift; path = TextCollectionViewCell.swift; sourceTree = "<group>"; };
		53F0232D1E4A5ADE00180F37 /* DGProfileItem.swift */ = {isa = PBXFileReference; fileEncoding = 4; lastKnownFileType = sourcecode.swift; path = DGProfileItem.swift; sourceTree = "<group>"; };
		53F0232F1E4A5BD200180F37 /* DGProfileCell.swift */ = {isa = PBXFileReference; fileEncoding = 4; lastKnownFileType = sourcecode.swift; path = DGProfileCell.swift; sourceTree = "<group>"; };
/* End PBXFileReference section */

/* Begin PBXFrameworksBuildPhase section */
		53E0747D1E301C5C00D09A9F /* Frameworks */ = {
			isa = PBXFrameworksBuildPhase;
			buildActionMask = 2147483647;
			files = (
			);
			runOnlyForDeploymentPostprocessing = 0;
		};
		53E074941E301C5D00D09A9F /* Frameworks */ = {
			isa = PBXFrameworksBuildPhase;
			buildActionMask = 2147483647;
			files = (
			);
			runOnlyForDeploymentPostprocessing = 0;
		};
		53E0749F1E301C5D00D09A9F /* Frameworks */ = {
			isa = PBXFrameworksBuildPhase;
			buildActionMask = 2147483647;
			files = (
			);
			runOnlyForDeploymentPostprocessing = 0;
		};
/* End PBXFrameworksBuildPhase section */

/* Begin PBXGroup section */
		5304A5FD1E38E88E008DEA60 /* Fonts */ = {
			isa = PBXGroup;
			children = (
				5304A5FE1E38E88E008DEA60 /* Avant Garde Got Cn ITC= */,
				5304A6041E38E88E008DEA60 /* Avant Garde Goth1 ITC= */,
				5304A60A1E38E88E008DEA60 /* Avant Garde Goth2 ITC= */,
			);
			path = Fonts;
			sourceTree = "<group>";
		};
		5304A5FE1E38E88E008DEA60 /* Avant Garde Got Cn ITC= */ = {
			isa = PBXGroup;
			children = (
				5304A5FF1E38E88E008DEA60 /* AvantGarConBol */,
				5304A6001E38E88E008DEA60 /* AvantGarConBoo */,
				5304A6011E38E88E008DEA60 /* AvantGarConDem */,
				5304A6021E38E88E008DEA60 /* AvantGarConMed */,
			);
			path = "Avant Garde Got Cn ITC=";
			sourceTree = "<group>";
		};
		5304A6041E38E88E008DEA60 /* Avant Garde Goth1 ITC= */ = {
			isa = PBXGroup;
			children = (
				5304A6051E38E88E008DEA60 /* AvantGarBoo */,
				5304A6061E38E88E008DEA60 /* AvantGarBooObl */,
				5304A6071E38E88E008DEA60 /* AvantGarDem */,
				5304A6081E38E88E008DEA60 /* AvantGarDemObl */,
			);
			path = "Avant Garde Goth1 ITC=";
			sourceTree = "<group>";
		};
		5304A60A1E38E88E008DEA60 /* Avant Garde Goth2 ITC= */ = {
			isa = PBXGroup;
			children = (
				5304A60B1E38E88E008DEA60 /* AvantGarBol */,
				5304A60C1E38E88E008DEA60 /* AvantGarBolObl */,
				5304A60D1E38E88E008DEA60 /* AvantGarExtLig */,
				5304A60E1E38E88E008DEA60 /* AvantGarExtLigObl */,
				5304A60F1E38E88E008DEA60 /* AvantGarMed */,
				5304A6101E38E88E008DEA60 /* AvantGarMedObl */,
			);
			path = "Avant Garde Goth2 ITC=";
			sourceTree = "<group>";
		};
		531B8DB41E3A21CC00E87C0E /* Model */ = {
			isa = PBXGroup;
			children = (
				531B8DB51E3A223E00E87C0E /* Constants.swift */,
				53B5A2551E3FA80C008AA377 /* Profile.swift */,
			);
			name = Model;
			sourceTree = "<group>";
		};
		53303F721E466392005C96CB /* ESPullToRefresh */ = {
			isa = PBXGroup;
			children = (
				53303F731E466392005C96CB /* Animator */,
				53303F771E466392005C96CB /* ESPullToRefresh+Manager.swift */,
				53303F781E466392005C96CB /* ESPullToRefresh.swift */,
				53303F791E466392005C96CB /* ESRefreshAnimator.swift */,
				53303F7A1E466392005C96CB /* ESRefreshComponent.swift */,
				53303F7B1E466392005C96CB /* ESRefreshProtocol.swift */,
			);
			path = ESPullToRefresh;
			sourceTree = "<group>";
		};
		53303F731E466392005C96CB /* Animator */ = {
			isa = PBXGroup;
			children = (
				53303F741E466392005C96CB /* ESRefreshFooterAnimator.swift */,
				53303F751E466392005C96CB /* ESRefreshHeaderAnimator.swift */,
				53303F761E466392005C96CB /* icon_pull_to_refresh_arrow@2x.png */,
			);
			path = Animator;
			sourceTree = "<group>";
		};
		53329C8E1E3E9B0400790F13 /* Alamofire */ = {
			isa = PBXGroup;
			children = (
				53D6557D1E45A47900CA1DC8 /* AFIError.swift */,
				53D6557E1E45A47900CA1DC8 /* Image.swift */,
				53D6557F1E45A47900CA1DC8 /* ImageCache.swift */,
				53D655801E45A47900CA1DC8 /* ImageDownloader.swift */,
				53D655811E45A47900CA1DC8 /* ImageFilter.swift */,
				53D655821E45A47900CA1DC8 /* Request+AlamofireImage.swift */,
				53D655831E45A47900CA1DC8 /* UIButton+AlamofireImage.swift */,
				53D655841E45A47900CA1DC8 /* UIImage+AlamofireImage.swift */,
				53D655851E45A47900CA1DC8 /* UIImageView+AlamofireImage.swift */,
				53329C8F1E3E9B0400790F13 /* AFError.swift */,
				53329C911E3E9B0400790F13 /* Alamofire.swift */,
				53329C921E3E9B0400790F13 /* DispatchQueue+Alamofire.swift */,
				53329C951E3E9B0400790F13 /* MultipartFormData.swift */,
				53329C961E3E9B0400790F13 /* NetworkReachabilityManager.swift */,
				53329C971E3E9B0400790F13 /* Notifications.swift */,
				53329C981E3E9B0400790F13 /* ParameterEncoding.swift */,
				53329C991E3E9B0400790F13 /* Request.swift */,
				53329C9A1E3E9B0400790F13 /* Response.swift */,
				53329C9B1E3E9B0400790F13 /* ResponseSerialization.swift */,
				53329C9C1E3E9B0400790F13 /* Result.swift */,
				53329C9D1E3E9B0400790F13 /* ServerTrustPolicy.swift */,
				53329C9E1E3E9B0400790F13 /* SessionDelegate.swift */,
				53329C9F1E3E9B0400790F13 /* SessionManager.swift */,
				53329CA01E3E9B0400790F13 /* TaskDelegate.swift */,
				53329CA11E3E9B0400790F13 /* Timeline.swift */,
				53329CA21E3E9B0400790F13 /* Validation.swift */,
			);
			path = Alamofire;
			sourceTree = "<group>";
		};
		539BEE351E35D830004ED2B3 /* Classes */ = {
			isa = PBXGroup;
			children = (
				53F023261E49AF6800180F37 /* RSKCollectionViewRetractableFirstItemLayout */,
				53303F721E466392005C96CB /* ESPullToRefresh */,
				53329C8E1E3E9B0400790F13 /* Alamofire */,
				531B8DB41E3A21CC00E87C0E /* Model */,
				539BEE361E35D830004ED2B3 /* DGFeedCell */,
			);
			path = Classes;
			sourceTree = "<group>";
		};
		539BEE361E35D830004ED2B3 /* DGFeedCell */ = {
			isa = PBXGroup;
			children = (
				539BEE491E35D8EE004ED2B3 /* DGTableViewExtension */,
				539BEE371E35D830004ED2B3 /* DGFeedCell.swift */,
				53F0232F1E4A5BD200180F37 /* DGProfileCell.swift */,
				539BEE381E35D830004ED2B3 /* DGFeedItem.swift */,
				53F0232D1E4A5ADE00180F37 /* DGProfileItem.swift */,
			);
			path = DGFeedCell;
			sourceTree = "<group>";
		};
		539BEE491E35D8EE004ED2B3 /* DGTableViewExtension */ = {
			isa = PBXGroup;
			children = (
				539BEE4A1E35D8EE004ED2B3 /* DGIndexPathHeightCache.swift */,
				539BEE4B1E35D8EE004ED2B3 /* DGKeyedHeightCache.swift */,
				539BEE4C1E35D8EE004ED2B3 /* DGTableViewExtension.swift */,
				539BEE4D1E35D8EE004ED2B3 /* DGTemplateLayoutCell.swift */,
				539BEE4E1E35D8EE004ED2B3 /* DGTemplateLayoutellDebug.swift */,
			);
			path = DGTableViewExtension;
			sourceTree = "<group>";
		};
		53E074771E301C5C00D09A9F = {
			isa = PBXGroup;
			children = (
				53E074821E301C5D00D09A9F /* ReciFoto */,
				53E0749A1E301C5D00D09A9F /* ReciFotoTests */,
				53E074A51E301C5D00D09A9F /* ReciFotoUITests */,
				53E074811E301C5D00D09A9F /* Products */,
			);
			sourceTree = "<group>";
		};
		53E074811E301C5D00D09A9F /* Products */ = {
			isa = PBXGroup;
			children = (
				53E074801E301C5D00D09A9F /* ReciFoto.app */,
				53E074971E301C5D00D09A9F /* ReciFotoTests.xctest */,
				53E074A21E301C5D00D09A9F /* ReciFotoUITests.xctest */,
			);
			name = Products;
			sourceTree = "<group>";
		};
		53E074821E301C5D00D09A9F /* ReciFoto */ = {
			isa = PBXGroup;
			children = (
				539BEE351E35D830004ED2B3 /* Classes */,
				53E074831E301C5D00D09A9F /* AppDelegate.swift */,
				53E074851E301C5D00D09A9F /* ViewController.swift */,
				531EDA521E3235D9006BCA4A /* LoginViewController.swift */,
				531EDA541E3235EE006BCA4A /* RegisterViewController.swift */,
				531EDA581E325723006BCA4A /* SearchViewController.swift */,
				531EDA5A1E325731006BCA4A /* CameraViewController.swift */,
				531EDA5C1E32573F006BCA4A /* ActivityViewController.swift */,
				531EDA5E1E32574E006BCA4A /* ProfileViewController.swift */,
				531EDA651E32BFB8006BCA4A /* FeedViewController.swift */,
				531B8DB21E3A1A8A00E87C0E /* TermsViewController.swift */,
				53E0748D1E301C5D00D09A9F /* Assets.xcassets */,
				53E0748F1E301C5D00D09A9F /* LaunchScreen.storyboard */,
				53E074871E301C5D00D09A9F /* Main.storyboard */,
				5304A5FD1E38E88E008DEA60 /* Fonts */,
				53E074921E301C5D00D09A9F /* Info.plist */,
				53E0748A1E301C5D00D09A9F /* ReciFoto.xcdatamodeld */,
				531B8DB01E3A181000E87C0E /* TermsPrivacy.html */,
			);
			path = ReciFoto;
			sourceTree = "<group>";
		};
		53E0749A1E301C5D00D09A9F /* ReciFotoTests */ = {
			isa = PBXGroup;
			children = (
				53E0749B1E301C5D00D09A9F /* ReciFotoTests.swift */,
				53E0749D1E301C5D00D09A9F /* Info.plist */,
			);
			path = ReciFotoTests;
			sourceTree = "<group>";
		};
		53E074A51E301C5D00D09A9F /* ReciFotoUITests */ = {
			isa = PBXGroup;
			children = (
				53E074A61E301C5D00D09A9F /* ReciFotoUITests.swift */,
				53E074A81E301C5D00D09A9F /* Info.plist */,
			);
			path = ReciFotoUITests;
			sourceTree = "<group>";
		};
		53F023261E49AF6800180F37 /* RSKCollectionViewRetractableFirstItemLayout */ = {
			isa = PBXGroup;
			children = (
				53F023271E49AF6800180F37 /* RSKCollectionViewRetractableFirstItemLayout.swift */,
				53F023281E49AF6800180F37 /* SearchCollectionViewCell.swift */,
				53F023291E49AF6800180F37 /* TextCollectionViewCell.swift */,
			);
			path = RSKCollectionViewRetractableFirstItemLayout;
			sourceTree = "<group>";
		};
/* End PBXGroup section */

/* Begin PBXNativeTarget section */
		53E0747F1E301C5C00D09A9F /* ReciFoto */ = {
			isa = PBXNativeTarget;
			buildConfigurationList = 53E074AB1E301C5D00D09A9F /* Build configuration list for PBXNativeTarget "ReciFoto" */;
			buildPhases = (
				53E0747C1E301C5C00D09A9F /* Sources */,
				53E0747D1E301C5C00D09A9F /* Frameworks */,
				53E0747E1E301C5C00D09A9F /* Resources */,
			);
			buildRules = (
			);
			dependencies = (
			);
			name = ReciFoto;
			productName = ReciFoto;
			productReference = 53E074801E301C5D00D09A9F /* ReciFoto.app */;
			productType = "com.apple.product-type.application";
		};
		53E074961E301C5D00D09A9F /* ReciFotoTests */ = {
			isa = PBXNativeTarget;
			buildConfigurationList = 53E074AE1E301C5D00D09A9F /* Build configuration list for PBXNativeTarget "ReciFotoTests" */;
			buildPhases = (
				53E074931E301C5D00D09A9F /* Sources */,
				53E074941E301C5D00D09A9F /* Frameworks */,
				53E074951E301C5D00D09A9F /* Resources */,
			);
			buildRules = (
			);
			dependencies = (
				53E074991E301C5D00D09A9F /* PBXTargetDependency */,
			);
			name = ReciFotoTests;
			productName = ReciFotoTests;
			productReference = 53E074971E301C5D00D09A9F /* ReciFotoTests.xctest */;
			productType = "com.apple.product-type.bundle.unit-test";
		};
		53E074A11E301C5D00D09A9F /* ReciFotoUITests */ = {
			isa = PBXNativeTarget;
			buildConfigurationList = 53E074B11E301C5D00D09A9F /* Build configuration list for PBXNativeTarget "ReciFotoUITests" */;
			buildPhases = (
				53E0749E1E301C5D00D09A9F /* Sources */,
				53E0749F1E301C5D00D09A9F /* Frameworks */,
				53E074A01E301C5D00D09A9F /* Resources */,
			);
			buildRules = (
			);
			dependencies = (
				53E074A41E301C5D00D09A9F /* PBXTargetDependency */,
			);
			name = ReciFotoUITests;
			productName = ReciFotoUITests;
			productReference = 53E074A21E301C5D00D09A9F /* ReciFotoUITests.xctest */;
			productType = "com.apple.product-type.bundle.ui-testing";
		};
/* End PBXNativeTarget section */

/* Begin PBXProject section */
		53E074781E301C5C00D09A9F /* Project object */ = {
			isa = PBXProject;
			attributes = {
				LastSwiftUpdateCheck = 0820;
				LastUpgradeCheck = 0820;
				ORGANIZATIONNAME = "Colin Taylor";
				TargetAttributes = {
					53E0747F1E301C5C00D09A9F = {
						CreatedOnToolsVersion = 8.2.1;
						DevelopmentTeam = GAQHF9DL37;
						ProvisioningStyle = Automatic;
					};
					53E074961E301C5D00D09A9F = {
						CreatedOnToolsVersion = 8.2.1;
						ProvisioningStyle = Automatic;
						TestTargetID = 53E0747F1E301C5C00D09A9F;
					};
					53E074A11E301C5D00D09A9F = {
						CreatedOnToolsVersion = 8.2.1;
						ProvisioningStyle = Automatic;
						TestTargetID = 53E0747F1E301C5C00D09A9F;
					};
				};
			};
			buildConfigurationList = 53E0747B1E301C5C00D09A9F /* Build configuration list for PBXProject "ReciFoto" */;
			compatibilityVersion = "Xcode 3.2";
			developmentRegion = English;
			hasScannedForEncodings = 0;
			knownRegions = (
				en,
				Base,
			);
			mainGroup = 53E074771E301C5C00D09A9F;
			productRefGroup = 53E074811E301C5D00D09A9F /* Products */;
			projectDirPath = "";
			projectRoot = "";
			targets = (
				53E0747F1E301C5C00D09A9F /* ReciFoto */,
				53E074961E301C5D00D09A9F /* ReciFotoTests */,
				53E074A11E301C5D00D09A9F /* ReciFotoUITests */,
			);
		};
/* End PBXProject section */

/* Begin PBXResourcesBuildPhase section */
		53E0747E1E301C5C00D09A9F /* Resources */ = {
			isa = PBXResourcesBuildPhase;
			buildActionMask = 2147483647;
			files = (
				5304A61D1E38E88E008DEA60 /* AvantGarBolObl in Resources */,
				5304A6131E38E88E008DEA60 /* AvantGarConBoo in Resources */,
				5304A61A1E38E88E008DEA60 /* AvantGarDemObl in Resources */,
				5304A61C1E38E88E008DEA60 /* AvantGarBol in Resources */,
				5304A6191E38E88E008DEA60 /* AvantGarDem in Resources */,
				5304A6171E38E88E008DEA60 /* AvantGarBoo in Resources */,
				5304A6201E38E88E008DEA60 /* AvantGarMed in Resources */,
				53303F7E1E466392005C96CB /* icon_pull_to_refresh_arrow@2x.png in Resources */,
				5304A6151E38E88E008DEA60 /* AvantGarConMed in Resources */,
				5304A6211E38E88E008DEA60 /* AvantGarMedObl in Resources */,
				53E074911E301C5D00D09A9F /* LaunchScreen.storyboard in Resources */,
				53E0748E1E301C5D00D09A9F /* Assets.xcassets in Resources */,
				5304A6181E38E88E008DEA60 /* AvantGarBooObl in Resources */,
				53E074891E301C5D00D09A9F /* Main.storyboard in Resources */,
				5304A6141E38E88E008DEA60 /* AvantGarConDem in Resources */,
				5304A6121E38E88E008DEA60 /* AvantGarConBol in Resources */,
				531B8DB11E3A181000E87C0E /* TermsPrivacy.html in Resources */,
				5304A61F1E38E88E008DEA60 /* AvantGarExtLigObl in Resources */,
				5304A61E1E38E88E008DEA60 /* AvantGarExtLig in Resources */,
			);
			runOnlyForDeploymentPostprocessing = 0;
		};
		53E074951E301C5D00D09A9F /* Resources */ = {
			isa = PBXResourcesBuildPhase;
			buildActionMask = 2147483647;
			files = (
			);
			runOnlyForDeploymentPostprocessing = 0;
		};
		53E074A01E301C5D00D09A9F /* Resources */ = {
			isa = PBXResourcesBuildPhase;
			buildActionMask = 2147483647;
			files = (
			);
			runOnlyForDeploymentPostprocessing = 0;
		};
/* End PBXResourcesBuildPhase section */

/* Begin PBXSourcesBuildPhase section */
		53E0747C1E301C5C00D09A9F /* Sources */ = {
			isa = PBXSourcesBuildPhase;
			buildActionMask = 2147483647;
			files = (
				53329CAE1E3E9B0400790F13 /* ResponseSerialization.swift in Sources */,
				539BEE521E35D8EE004ED2B3 /* DGTemplateLayoutCell.swift in Sources */,
				53D6558E1E45A47900CA1DC8 /* UIImageView+AlamofireImage.swift in Sources */,
				53F0232C1E49AF6900180F37 /* TextCollectionViewCell.swift in Sources */,
				539BEE511E35D8EE004ED2B3 /* DGTableViewExtension.swift in Sources */,
				539BEE531E35D8EE004ED2B3 /* DGTemplateLayoutellDebug.swift in Sources */,
				53303F821E466392005C96CB /* ESRefreshComponent.swift in Sources */,
				53303F831E466392005C96CB /* ESRefreshProtocol.swift in Sources */,
				531EDA531E3235D9006BCA4A /* LoginViewController.swift in Sources */,
				531EDA591E325723006BCA4A /* SearchViewController.swift in Sources */,
				53329CAF1E3E9B0400790F13 /* Result.swift in Sources */,
				531EDA5F1E32574E006BCA4A /* ProfileViewController.swift in Sources */,
				53D6558C1E45A47900CA1DC8 /* UIButton+AlamofireImage.swift in Sources */,
				53329CB41E3E9B0400790F13 /* Timeline.swift in Sources */,
				53329CA41E3E9B0400790F13 /* Alamofire.swift in Sources */,
				53D655881E45A47900CA1DC8 /* ImageCache.swift in Sources */,
				531EDA551E3235EE006BCA4A /* RegisterViewController.swift in Sources */,
				53E074861E301C5D00D09A9F /* ViewController.swift in Sources */,
				531EDA5D1E32573F006BCA4A /* ActivityViewController.swift in Sources */,
				53329CA91E3E9B0400790F13 /* NetworkReachabilityManager.swift in Sources */,
				53D655891E45A47900CA1DC8 /* ImageDownloader.swift in Sources */,
				53329CB31E3E9B0400790F13 /* TaskDelegate.swift in Sources */,
				53329CA81E3E9B0400790F13 /* MultipartFormData.swift in Sources */,
				539BEE411E35D830004ED2B3 /* DGFeedCell.swift in Sources */,
				53D655861E45A47900CA1DC8 /* AFIError.swift in Sources */,
				53F0232B1E49AF6900180F37 /* SearchCollectionViewCell.swift in Sources */,
				53329CB11E3E9B0400790F13 /* SessionDelegate.swift in Sources */,
				53D655871E45A47900CA1DC8 /* Image.swift in Sources */,
				53D6558D1E45A47900CA1DC8 /* UIImage+AlamofireImage.swift in Sources */,
				539BEE4F1E35D8EE004ED2B3 /* DGIndexPathHeightCache.swift in Sources */,
				531B8DB31E3A1A8A00E87C0E /* TermsViewController.swift in Sources */,
				53329CAA1E3E9B0400790F13 /* Notifications.swift in Sources */,
				53329CAC1E3E9B0400790F13 /* Request.swift in Sources */,
				53B5A2561E3FA80C008AA377 /* Profile.swift in Sources */,
				53D6558A1E45A47900CA1DC8 /* ImageFilter.swift in Sources */,
				53329CB51E3E9B0400790F13 /* Validation.swift in Sources */,
				53E074841E301C5D00D09A9F /* AppDelegate.swift in Sources */,
				53303F811E466392005C96CB /* ESRefreshAnimator.swift in Sources */,
				53303F801E466392005C96CB /* ESPullToRefresh.swift in Sources */,
				53303F7C1E466392005C96CB /* ESRefreshFooterAnimator.swift in Sources */,
				531EDA5B1E325731006BCA4A /* CameraViewController.swift in Sources */,
				53303F7D1E466392005C96CB /* ESRefreshHeaderAnimator.swift in Sources */,
				53F023301E4A5BD200180F37 /* DGProfileCell.swift in Sources */,
				539BEE421E35D830004ED2B3 /* DGFeedItem.swift in Sources */,
				53329CAD1E3E9B0400790F13 /* Response.swift in Sources */,
				531EDA661E32BFB8006BCA4A /* FeedViewController.swift in Sources */,
				53F0232A1E49AF6900180F37 /* RSKCollectionViewRetractableFirstItemLayout.swift in Sources */,
				53303F7F1E466392005C96CB /* ESPullToRefresh+Manager.swift in Sources */,
				53329CB01E3E9B0400790F13 /* ServerTrustPolicy.swift in Sources */,
				53329CAB1E3E9B0400790F13 /* ParameterEncoding.swift in Sources */,
				539BEE501E35D8EE004ED2B3 /* DGKeyedHeightCache.swift in Sources */,
				53F0232E1E4A5ADE00180F37 /* DGProfileItem.swift in Sources */,
				53329CA51E3E9B0400790F13 /* DispatchQueue+Alamofire.swift in Sources */,
				53329CA31E3E9B0400790F13 /* AFError.swift in Sources */,
				53E0748C1E301C5D00D09A9F /* ReciFoto.xcdatamodeld in Sources */,
				531B8DB61E3A223E00E87C0E /* Constants.swift in Sources */,
				53D6558B1E45A47900CA1DC8 /* Request+AlamofireImage.swift in Sources */,
				53329CB21E3E9B0400790F13 /* SessionManager.swift in Sources */,
			);
			runOnlyForDeploymentPostprocessing = 0;
		};
		53E074931E301C5D00D09A9F /* Sources */ = {
			isa = PBXSourcesBuildPhase;
			buildActionMask = 2147483647;
			files = (
				53E0749C1E301C5D00D09A9F /* ReciFotoTests.swift in Sources */,
			);
			runOnlyForDeploymentPostprocessing = 0;
		};
		53E0749E1E301C5D00D09A9F /* Sources */ = {
			isa = PBXSourcesBuildPhase;
			buildActionMask = 2147483647;
			files = (
				53E074A71E301C5D00D09A9F /* ReciFotoUITests.swift in Sources */,
			);
			runOnlyForDeploymentPostprocessing = 0;
		};
/* End PBXSourcesBuildPhase section */

/* Begin PBXTargetDependency section */
		53E074991E301C5D00D09A9F /* PBXTargetDependency */ = {
			isa = PBXTargetDependency;
			target = 53E0747F1E301C5C00D09A9F /* ReciFoto */;
			targetProxy = 53E074981E301C5D00D09A9F /* PBXContainerItemProxy */;
		};
		53E074A41E301C5D00D09A9F /* PBXTargetDependency */ = {
			isa = PBXTargetDependency;
			target = 53E0747F1E301C5C00D09A9F /* ReciFoto */;
			targetProxy = 53E074A31E301C5D00D09A9F /* PBXContainerItemProxy */;
		};
/* End PBXTargetDependency section */

/* Begin PBXVariantGroup section */
		53E074871E301C5D00D09A9F /* Main.storyboard */ = {
			isa = PBXVariantGroup;
			children = (
				53E074881E301C5D00D09A9F /* Base */,
			);
			name = Main.storyboard;
			sourceTree = "<group>";
		};
		53E0748F1E301C5D00D09A9F /* LaunchScreen.storyboard */ = {
			isa = PBXVariantGroup;
			children = (
				53E074901E301C5D00D09A9F /* Base */,
			);
			name = LaunchScreen.storyboard;
			sourceTree = "<group>";
		};
/* End PBXVariantGroup section */

/* Begin XCBuildConfiguration section */
		53E074A91E301C5D00D09A9F /* Debug */ = {
			isa = XCBuildConfiguration;
			buildSettings = {
				ALWAYS_SEARCH_USER_PATHS = NO;
				CLANG_ANALYZER_NONNULL = YES;
				CLANG_CXX_LANGUAGE_STANDARD = "gnu++0x";
				CLANG_CXX_LIBRARY = "libc++";
				CLANG_ENABLE_MODULES = YES;
				CLANG_ENABLE_OBJC_ARC = YES;
				CLANG_WARN_BOOL_CONVERSION = YES;
				CLANG_WARN_CONSTANT_CONVERSION = YES;
				CLANG_WARN_DIRECT_OBJC_ISA_USAGE = YES_ERROR;
				CLANG_WARN_DOCUMENTATION_COMMENTS = YES;
				CLANG_WARN_EMPTY_BODY = YES;
				CLANG_WARN_ENUM_CONVERSION = YES;
				CLANG_WARN_INFINITE_RECURSION = YES;
				CLANG_WARN_INT_CONVERSION = YES;
				CLANG_WARN_OBJC_ROOT_CLASS = YES_ERROR;
				CLANG_WARN_SUSPICIOUS_MOVE = YES;
				CLANG_WARN_UNREACHABLE_CODE = YES;
				CLANG_WARN__DUPLICATE_METHOD_MATCH = YES;
				"CODE_SIGN_IDENTITY[sdk=iphoneos*]" = "iPhone Developer";
				COPY_PHASE_STRIP = NO;
				DEBUG_INFORMATION_FORMAT = dwarf;
				ENABLE_STRICT_OBJC_MSGSEND = YES;
				ENABLE_TESTABILITY = YES;
				GCC_C_LANGUAGE_STANDARD = gnu99;
				GCC_DYNAMIC_NO_PIC = NO;
				GCC_NO_COMMON_BLOCKS = YES;
				GCC_OPTIMIZATION_LEVEL = 0;
				GCC_PREPROCESSOR_DEFINITIONS = (
					"DEBUG=1",
					"$(inherited)",
				);
				GCC_WARN_64_TO_32_BIT_CONVERSION = YES;
				GCC_WARN_ABOUT_RETURN_TYPE = YES_ERROR;
				GCC_WARN_UNDECLARED_SELECTOR = YES;
				GCC_WARN_UNINITIALIZED_AUTOS = YES_AGGRESSIVE;
				GCC_WARN_UNUSED_FUNCTION = YES;
				GCC_WARN_UNUSED_VARIABLE = YES;
				IPHONEOS_DEPLOYMENT_TARGET = 10.2;
				MTL_ENABLE_DEBUG_INFO = YES;
				ONLY_ACTIVE_ARCH = YES;
				SDKROOT = iphoneos;
				SWIFT_ACTIVE_COMPILATION_CONDITIONS = DEBUG;
				SWIFT_OPTIMIZATION_LEVEL = "-Onone";
				TARGETED_DEVICE_FAMILY = "1,2";
			};
			name = Debug;
		};
		53E074AA1E301C5D00D09A9F /* Release */ = {
			isa = XCBuildConfiguration;
			buildSettings = {
				ALWAYS_SEARCH_USER_PATHS = NO;
				CLANG_ANALYZER_NONNULL = YES;
				CLANG_CXX_LANGUAGE_STANDARD = "gnu++0x";
				CLANG_CXX_LIBRARY = "libc++";
				CLANG_ENABLE_MODULES = YES;
				CLANG_ENABLE_OBJC_ARC = YES;
				CLANG_WARN_BOOL_CONVERSION = YES;
				CLANG_WARN_CONSTANT_CONVERSION = YES;
				CLANG_WARN_DIRECT_OBJC_ISA_USAGE = YES_ERROR;
				CLANG_WARN_DOCUMENTATION_COMMENTS = YES;
				CLANG_WARN_EMPTY_BODY = YES;
				CLANG_WARN_ENUM_CONVERSION = YES;
				CLANG_WARN_INFINITE_RECURSION = YES;
				CLANG_WARN_INT_CONVERSION = YES;
				CLANG_WARN_OBJC_ROOT_CLASS = YES_ERROR;
				CLANG_WARN_SUSPICIOUS_MOVE = YES;
				CLANG_WARN_UNREACHABLE_CODE = YES;
				CLANG_WARN__DUPLICATE_METHOD_MATCH = YES;
				"CODE_SIGN_IDENTITY[sdk=iphoneos*]" = "iPhone Developer";
				COPY_PHASE_STRIP = NO;
				DEBUG_INFORMATION_FORMAT = "dwarf-with-dsym";
				ENABLE_NS_ASSERTIONS = NO;
				ENABLE_STRICT_OBJC_MSGSEND = YES;
				GCC_C_LANGUAGE_STANDARD = gnu99;
				GCC_NO_COMMON_BLOCKS = YES;
				GCC_WARN_64_TO_32_BIT_CONVERSION = YES;
				GCC_WARN_ABOUT_RETURN_TYPE = YES_ERROR;
				GCC_WARN_UNDECLARED_SELECTOR = YES;
				GCC_WARN_UNINITIALIZED_AUTOS = YES_AGGRESSIVE;
				GCC_WARN_UNUSED_FUNCTION = YES;
				GCC_WARN_UNUSED_VARIABLE = YES;
				IPHONEOS_DEPLOYMENT_TARGET = 10.2;
				MTL_ENABLE_DEBUG_INFO = NO;
				SDKROOT = iphoneos;
				SWIFT_OPTIMIZATION_LEVEL = "-Owholemodule";
				TARGETED_DEVICE_FAMILY = "1,2";
				VALIDATE_PRODUCT = YES;
			};
			name = Release;
		};
		53E074AC1E301C5D00D09A9F /* Debug */ = {
			isa = XCBuildConfiguration;
			buildSettings = {
				ALWAYS_EMBED_SWIFT_STANDARD_LIBRARIES = YES;
				ASSETCATALOG_COMPILER_APPICON_NAME = AppIcon;
				DEVELOPMENT_TEAM = GAQHF9DL37;
				FRAMEWORK_SEARCH_PATHS = "";
				INFOPLIST_FILE = ReciFoto/Info.plist;
				IPHONEOS_DEPLOYMENT_TARGET = 10.0;
				LD_RUNPATH_SEARCH_PATHS = "$(inherited) @executable_path/Frameworks";
				OTHER_LDFLAGS = "$(inherited)";
				PRODUCT_BUNDLE_IDENTIFIER = com.perlmutter.recipe;
				PRODUCT_NAME = "$(TARGET_NAME)";
				SWIFT_VERSION = 3.0;
				TARGETED_DEVICE_FAMILY = "1,2";
			};
			name = Debug;
		};
		53E074AD1E301C5D00D09A9F /* Release */ = {
			isa = XCBuildConfiguration;
			buildSettings = {
				ALWAYS_EMBED_SWIFT_STANDARD_LIBRARIES = YES;
				ASSETCATALOG_COMPILER_APPICON_NAME = AppIcon;
				DEVELOPMENT_TEAM = GAQHF9DL37;
				FRAMEWORK_SEARCH_PATHS = "";
				INFOPLIST_FILE = ReciFoto/Info.plist;
				IPHONEOS_DEPLOYMENT_TARGET = 10.0;
				LD_RUNPATH_SEARCH_PATHS = "$(inherited) @executable_path/Frameworks";
				OTHER_LDFLAGS = "$(inherited)";
				PRODUCT_BUNDLE_IDENTIFIER = com.perlmutter.recipe;
				PRODUCT_NAME = "$(TARGET_NAME)";
				SWIFT_VERSION = 3.0;
				TARGETED_DEVICE_FAMILY = "1,2";
			};
			name = Release;
		};
		53E074AF1E301C5D00D09A9F /* Debug */ = {
			isa = XCBuildConfiguration;
			buildSettings = {
				ALWAYS_EMBED_SWIFT_STANDARD_LIBRARIES = YES;
				BUNDLE_LOADER = "$(TEST_HOST)";
				INFOPLIST_FILE = ReciFotoTests/Info.plist;
				LD_RUNPATH_SEARCH_PATHS = "$(inherited) @executable_path/Frameworks @loader_path/Frameworks";
				PRODUCT_BUNDLE_IDENTIFIER = ReciFoto.ReciFotoTests;
				PRODUCT_NAME = "$(TARGET_NAME)";
				SWIFT_VERSION = 3.0;
				TEST_HOST = "$(BUILT_PRODUCTS_DIR)/ReciFoto.app/ReciFoto";
			};
			name = Debug;
		};
		53E074B01E301C5D00D09A9F /* Release */ = {
			isa = XCBuildConfiguration;
			buildSettings = {
				ALWAYS_EMBED_SWIFT_STANDARD_LIBRARIES = YES;
				BUNDLE_LOADER = "$(TEST_HOST)";
				INFOPLIST_FILE = ReciFotoTests/Info.plist;
				LD_RUNPATH_SEARCH_PATHS = "$(inherited) @executable_path/Frameworks @loader_path/Frameworks";
				PRODUCT_BUNDLE_IDENTIFIER = ReciFoto.ReciFotoTests;
				PRODUCT_NAME = "$(TARGET_NAME)";
				SWIFT_VERSION = 3.0;
				TEST_HOST = "$(BUILT_PRODUCTS_DIR)/ReciFoto.app/ReciFoto";
			};
			name = Release;
		};
		53E074B21E301C5D00D09A9F /* Debug */ = {
			isa = XCBuildConfiguration;
			buildSettings = {
				ALWAYS_EMBED_SWIFT_STANDARD_LIBRARIES = YES;
				INFOPLIST_FILE = ReciFotoUITests/Info.plist;
				LD_RUNPATH_SEARCH_PATHS = "$(inherited) @executable_path/Frameworks @loader_path/Frameworks";
				PRODUCT_BUNDLE_IDENTIFIER = ReciFoto.ReciFotoUITests;
				PRODUCT_NAME = "$(TARGET_NAME)";
				SWIFT_VERSION = 3.0;
				TEST_TARGET_NAME = ReciFoto;
			};
			name = Debug;
		};
		53E074B31E301C5D00D09A9F /* Release */ = {
			isa = XCBuildConfiguration;
			buildSettings = {
				ALWAYS_EMBED_SWIFT_STANDARD_LIBRARIES = YES;
				INFOPLIST_FILE = ReciFotoUITests/Info.plist;
				LD_RUNPATH_SEARCH_PATHS = "$(inherited) @executable_path/Frameworks @loader_path/Frameworks";
				PRODUCT_BUNDLE_IDENTIFIER = ReciFoto.ReciFotoUITests;
				PRODUCT_NAME = "$(TARGET_NAME)";
				SWIFT_VERSION = 3.0;
				TEST_TARGET_NAME = ReciFoto;
			};
			name = Release;
		};
/* End XCBuildConfiguration section */

/* Begin XCConfigurationList section */
		53E0747B1E301C5C00D09A9F /* Build configuration list for PBXProject "ReciFoto" */ = {
			isa = XCConfigurationList;
			buildConfigurations = (
				53E074A91E301C5D00D09A9F /* Debug */,
				53E074AA1E301C5D00D09A9F /* Release */,
			);
			defaultConfigurationIsVisible = 0;
			defaultConfigurationName = Release;
		};
		53E074AB1E301C5D00D09A9F /* Build configuration list for PBXNativeTarget "ReciFoto" */ = {
			isa = XCConfigurationList;
			buildConfigurations = (
				53E074AC1E301C5D00D09A9F /* Debug */,
				53E074AD1E301C5D00D09A9F /* Release */,
			);
			defaultConfigurationIsVisible = 0;
			defaultConfigurationName = Release;
		};
		53E074AE1E301C5D00D09A9F /* Build configuration list for PBXNativeTarget "ReciFotoTests" */ = {
			isa = XCConfigurationList;
			buildConfigurations = (
				53E074AF1E301C5D00D09A9F /* Debug */,
				53E074B01E301C5D00D09A9F /* Release */,
			);
			defaultConfigurationIsVisible = 0;
			defaultConfigurationName = Release;
		};
		53E074B11E301C5D00D09A9F /* Build configuration list for PBXNativeTarget "ReciFotoUITests" */ = {
			isa = XCConfigurationList;
			buildConfigurations = (
				53E074B21E301C5D00D09A9F /* Debug */,
				53E074B31E301C5D00D09A9F /* Release */,
			);
			defaultConfigurationIsVisible = 0;
			defaultConfigurationName = Release;
		};
/* End XCConfigurationList section */

/* Begin XCVersionGroup section */
		53E0748A1E301C5D00D09A9F /* ReciFoto.xcdatamodeld */ = {
			isa = XCVersionGroup;
			children = (
				53E0748B1E301C5D00D09A9F /* ReciFoto.xcdatamodel */,
			);
			currentVersion = 53E0748B1E301C5D00D09A9F /* ReciFoto.xcdatamodel */;
			path = ReciFoto.xcdatamodeld;
			sourceTree = "<group>";
			versionGroupType = wrapper.xcdatamodel;
		};
/* End XCVersionGroup section */
	};
	rootObject = 53E074781E301C5C00D09A9F /* Project object */;
}
